
Microsoft Visual Studio Solution File, Format Version 12.00
# Visual Studio Version 17
VisualStudioVersion = 17.7.34031.279
MinimumVisualStudioVersion = 10.0.40219.1
Project("{FAE04EC0-301F-11D3-BF4B-00C04F79EFBC}") = "ProyectoPDV", "ProyectoPDV.csproj", "{819BE92E-3550-4E3A-B930-4F2C4D4BD837}"
EndProject
Global
	GlobalSection(SolutionConfigurationPlatforms) = preSolution
		Debug|Any CPU = Debug|Any CPU
		Release|Any CPU = Release|Any CPU
	EndGlobalSection
	GlobalSection(ProjectConfigurationPlatforms) = postSolution
		{819BE92E-3550-4E3A-B930-4F2C4D4BD837}.Debug|Any CPU.ActiveCfg = Debug|Any CPU
		{819BE92E-3550-4E3A-B930-4F2C4D4BD837}.Debug|Any CPU.Build.0 = Debug|Any CPU
		{819BE92E-3550-4E3A-B930-4F2C4D4BD837}.Release|Any CPU.ActiveCfg = Release|Any CPU
		{819BE92E-3550-4E3A-B930-4F2C4D4BD837}.Release|Any CPU.Build.0 = Release|Any CPU
	EndGlobalSection
	GlobalSection(SolutionProperties) = preSolution
		HideSolutionNode = FALSE
	EndGlobalSection
	GlobalSection(ExtensibilityGlobals) = postSolution
		SolutionGuid = {8C8E9DCD-A8F4-4EBA-9657-D59909F7BD92}
	EndGlobalSection
EndGlobal
